
Microsoft Visual Studio Solution File, Format Version 12.00
# Visual Studio 14
VisualStudioVersion = 14.0.24720.0
MinimumVisualStudioVersion = 10.0.40219.1
Project("{FAE04EC0-301F-11D3-BF4B-00C04F79EFBC}") = "Modula11Char", "Modula11Char.csproj", "{8B309307-6D66-4226-AE3C-8F74EA683B94}"
EndProject
Global
	GlobalSection(SolutionConfigurationPlatforms) = preSolution
		Debug|Any CPU = Debug|Any CPU
		Release|Any CPU = Release|Any CPU
	EndGlobalSection
	GlobalSection(ProjectConfigurationPlatforms) = postSolution
		{8B309307-6D66-4226-AE3C-8F74EA683B94}.Debug|Any CPU.ActiveCfg = Debug|Any CPU
		{8B309307-6D66-4226-AE3C-8F74EA683B94}.Debug|Any CPU.Build.0 = Debug|Any CPU
		{8B309307-6D66-4226-AE3C-8F74EA683B94}.Release|Any CPU.ActiveCfg = Release|Any CPU
		{8B309307-6D66-4226-AE3C-8F74EA683B94}.Release|Any CPU.Build.0 = Release|Any CPU
	EndGlobalSection
	GlobalSection(SolutionProperties) = preSolution
		HideSolutionNode = FALSE
	EndGlobalSection
EndGlobal
